{
    "name": "react-native-video",
    "version": "5.1.0-alpha5",
    "lockfileVersion": 1,
    "requires": true,
    "dependencies": {
        "react-native-fast-image": {
            "version": "8.1.5",
            "resolved": "https://registry.npmjs.org/react-native-fast-image/-/react-native-fast-image-8.1.5.tgz",
            "integrity": "sha512-DoAWGLeQ2hbllummrpXH9B38OgM0TFmNYCF34F90/hdHZirqUtYHzF4QDdb/NV7ebSijHmM3mpkzct8PXtcYyg=="
        }
    }
}
